
Microsoft Visual Studio Solution File, Format Version 12.00
# Visual Studio Version 17
VisualStudioVersion = 17.4.33205.214
MinimumVisualStudioVersion = 10.0.40219.1
Project("{FAE04EC0-301F-11D3-BF4B-00C04F79EFBC}") = "aplicatie_boli", "aplicatie_boli\aplicatie_boli.csproj", "{A8C2CFCC-3275-4836-AC8E-8EFAE6BDFD27}"
EndProject
Global
	GlobalSection(SolutionConfigurationPlatforms) = preSolution
		Debug|Any CPU = Debug|Any CPU
		Release|Any CPU = Release|Any CPU
	EndGlobalSection
	GlobalSection(ProjectConfigurationPlatforms) = postSolution
		{A8C2CFCC-3275-4836-AC8E-8EFAE6BDFD27}.Debug|Any CPU.ActiveCfg = Debug|Any CPU
		{A8C2CFCC-3275-4836-AC8E-8EFAE6BDFD27}.Debug|Any CPU.Build.0 = Debug|Any CPU
		{A8C2CFCC-3275-4836-AC8E-8EFAE6BDFD27}.Release|Any CPU.ActiveCfg = Release|Any CPU
		{A8C2CFCC-3275-4836-AC8E-8EFAE6BDFD27}.Release|Any CPU.Build.0 = Release|Any CPU
	EndGlobalSection
	GlobalSection(SolutionProperties) = preSolution
		HideSolutionNode = FALSE
	EndGlobalSection
	GlobalSection(ExtensibilityGlobals) = postSolution
		SolutionGuid = {C11A96EE-AEB4-43B3-B5A2-380D9E934D52}
	EndGlobalSection
EndGlobal
